
Microsoft Visual Studio Solution File, Format Version 12.00
# Visual Studio Version 16
VisualStudioVersion = 16.0.29613.14
MinimumVisualStudioVersion = 10.0.40219.1
Project("{FAE04EC0-301F-11D3-BF4B-00C04F79EFBC}") = "MathOperatorsExercise", "MathOperatorsExercise\MathOperatorsExercise.csproj", "{EACD43F1-BE93-4103-9893-CAA62EA262FC}"
EndProject
Global
	GlobalSection(SolutionConfigurationPlatforms) = preSolution
		Debug|Any CPU = Debug|Any CPU
		Release|Any CPU = Release|Any CPU
	EndGlobalSection
	GlobalSection(ProjectConfigurationPlatforms) = postSolution
		{EACD43F1-BE93-4103-9893-CAA62EA262FC}.Debug|Any CPU.ActiveCfg = Debug|Any CPU
		{EACD43F1-BE93-4103-9893-CAA62EA262FC}.Debug|Any CPU.Build.0 = Debug|Any CPU
		{EACD43F1-BE93-4103-9893-CAA62EA262FC}.Release|Any CPU.ActiveCfg = Release|Any CPU
		{EACD43F1-BE93-4103-9893-CAA62EA262FC}.Release|Any CPU.Build.0 = Release|Any CPU
	EndGlobalSection
	GlobalSection(SolutionProperties) = preSolution
		HideSolutionNode = FALSE
	EndGlobalSection
	GlobalSection(ExtensibilityGlobals) = postSolution
		SolutionGuid = {DD687C58-CEE5-4DA7-A177-AB85B7E6B7A0}
	EndGlobalSection
EndGlobal
